
Microsoft Visual Studio Solution File, Format Version 12.00
# Visual Studio Version 16
VisualStudioVersion = 16.0.30204.135
MinimumVisualStudioVersion = 10.0.40219.1
Project("{FAE04EC0-301F-11D3-BF4B-00C04F79EFBC}") = "智能排队机", "智能排队机\智能排队机.csproj", "{7AB4D46B-0F62-4004-AC49-72BEE5E5B12F}"
EndProject
Global
	GlobalSection(SolutionConfigurationPlatforms) = preSolution
		Debug|Any CPU = Debug|Any CPU
		Release|Any CPU = Release|Any CPU
	EndGlobalSection
	GlobalSection(ProjectConfigurationPlatforms) = postSolution
		{7AB4D46B-0F62-4004-AC49-72BEE5E5B12F}.Debug|Any CPU.ActiveCfg = Debug|Any CPU
		{7AB4D46B-0F62-4004-AC49-72BEE5E5B12F}.Debug|Any CPU.Build.0 = Debug|Any CPU
		{7AB4D46B-0F62-4004-AC49-72BEE5E5B12F}.Release|Any CPU.ActiveCfg = Release|Any CPU
		{7AB4D46B-0F62-4004-AC49-72BEE5E5B12F}.Release|Any CPU.Build.0 = Release|Any CPU
	EndGlobalSection
	GlobalSection(SolutionProperties) = preSolution
		HideSolutionNode = FALSE
	EndGlobalSection
	GlobalSection(ExtensibilityGlobals) = postSolution
		SolutionGuid = {229B4CB3-3D26-43BB-AAD0-0428EBFAC1BA}
	EndGlobalSection
EndGlobal
